<?xml version="1.0" encoding="utf-8"?>
<Project ToolsVersion="16.0" xmlns="http://schemas.microsoft.com/developer/msbuild/2003">
  <ItemGroup>
    <ClInclude Include="C:\Program Files (x86)\Crytek\CRYENGINE Launcher\Crytek\CRYENGINE_5.6\Code\CryEngine\CryCommon\CryCore\Platform\platform.h">
      <Filter>Header Files</Filter>
    </ClInclude>
  </ItemGroup>
  <ItemGroup>
    <CustomBuild Include="C:\Users\Mehrdad\source\repos\CryEngineInPractice\Code\CMakeLists.txt" />
  </ItemGroup>
  <ItemGroup>
    <Filter Include="Header Files">
      <UniqueIdentifier>{8159F22E-9180-3272-AB15-ED92867F7BDE}</UniqueIdentifier>
    </Filter>
  </ItemGroup>
</Project>
