Microsoft Visual Studio Solution File, Format Version 12.00
# Visual Studio 16
Project("{2150E333-8FDC-42A3-9474-1A3956D46DE8}") = "CMakePredefinedTargets", "CMakePredefinedTargets", "{F6A81063-8B7C-3BD7-8BC9-4AC44C899A25}"
EndProject
Project("{2150E333-8FDC-42A3-9474-1A3956D46DE8}") = "Project", "Project", "{EAA353F5-91FF-3C1A-B8EF-C8CC09F41E24}"
EndProject
Project("{8BC9CEB8-8B4A-11D0-8D11-00A0C91BC942}") = "GameLauncher", "GameLauncher.vcxproj", "{F7A50E54-592F-341A-8D16-55DE5E4FAF7C}"
	ProjectSection(ProjectDependencies) = postProject
		{DD575BB4-AE95-3D7F-82E7-8FC10CB3D00B} = {DD575BB4-AE95-3D7F-82E7-8FC10CB3D00B}
	EndProjectSection
EndProject
Project("{8BC9CEB8-8B4A-11D0-8D11-00A0C91BC942}") = "ALL_BUILD", "ALL_BUILD.vcxproj", "{C0923180-4FDD-352B-8904-5C13C8B64EE3}"
	ProjectSection(ProjectDependencies) = postProject
		{6FD4F89E-099F-3072-80CD-12B3EF99613B} = {6FD4F89E-099F-3072-80CD-12B3EF99613B}
		{E16A45E5-C04C-33E5-8649-CB9E0AD6FBAB} = {E16A45E5-C04C-33E5-8649-CB9E0AD6FBAB}
		{F7A50E54-592F-341A-8D16-55DE5E4FAF7C} = {F7A50E54-592F-341A-8D16-55DE5E4FAF7C}
		{0FD84AB1-1E20-3F78-BE20-9B14AE09B88E} = {0FD84AB1-1E20-3F78-BE20-9B14AE09B88E}
		{DD575BB4-AE95-3D7F-82E7-8FC10CB3D00B} = {DD575BB4-AE95-3D7F-82E7-8FC10CB3D00B}
	EndProjectSection
EndProject
Project("{8BC9CEB8-8B4A-11D0-8D11-00A0C91BC942}") = "Editor", "Editor.vcxproj", "{6FD4F89E-099F-3072-80CD-12B3EF99613B}"
	ProjectSection(ProjectDependencies) = postProject
		{DD575BB4-AE95-3D7F-82E7-8FC10CB3D00B} = {DD575BB4-AE95-3D7F-82E7-8FC10CB3D00B}
	EndProjectSection
EndProject
Project("{8BC9CEB8-8B4A-11D0-8D11-00A0C91BC942}") = "Game", "Game.vcxproj", "{E16A45E5-C04C-33E5-8649-CB9E0AD6FBAB}"
	ProjectSection(ProjectDependencies) = postProject
		{DD575BB4-AE95-3D7F-82E7-8FC10CB3D00B} = {DD575BB4-AE95-3D7F-82E7-8FC10CB3D00B}
	EndProjectSection
EndProject
Project("{8BC9CEB8-8B4A-11D0-8D11-00A0C91BC942}") = "GameServer", "GameServer.vcxproj", "{0FD84AB1-1E20-3F78-BE20-9B14AE09B88E}"
	ProjectSection(ProjectDependencies) = postProject
		{DD575BB4-AE95-3D7F-82E7-8FC10CB3D00B} = {DD575BB4-AE95-3D7F-82E7-8FC10CB3D00B}
	EndProjectSection
EndProject
Project("{8BC9CEB8-8B4A-11D0-8D11-00A0C91BC942}") = "INSTALL", "INSTALL.vcxproj", "{F5F352F8-C07C-319F-9F12-0A3F06A402C8}"
	ProjectSection(ProjectDependencies) = postProject
		{C0923180-4FDD-352B-8904-5C13C8B64EE3} = {C0923180-4FDD-352B-8904-5C13C8B64EE3}
		{DD575BB4-AE95-3D7F-82E7-8FC10CB3D00B} = {DD575BB4-AE95-3D7F-82E7-8FC10CB3D00B}
	EndProjectSection
EndProject
Project("{8BC9CEB8-8B4A-11D0-8D11-00A0C91BC942}") = "ZERO_CHECK", "ZERO_CHECK.vcxproj", "{DD575BB4-AE95-3D7F-82E7-8FC10CB3D00B}"
	ProjectSection(ProjectDependencies) = postProject
	EndProjectSection
EndProject
Global
	GlobalSection(SolutionConfigurationPlatforms) = preSolution
		Debug|x64 = Debug|x64
		Profile|x64 = Profile|x64
		Release|x64 = Release|x64
	EndGlobalSection
	GlobalSection(ProjectConfigurationPlatforms) = postSolution
		{F7A50E54-592F-341A-8D16-55DE5E4FAF7C}.Debug|x64.ActiveCfg = Debug|x64
		{F7A50E54-592F-341A-8D16-55DE5E4FAF7C}.Debug|x64.Build.0 = Debug|x64
		{F7A50E54-592F-341A-8D16-55DE5E4FAF7C}.Profile|x64.ActiveCfg = Profile|x64
		{F7A50E54-592F-341A-8D16-55DE5E4FAF7C}.Profile|x64.Build.0 = Profile|x64
		{F7A50E54-592F-341A-8D16-55DE5E4FAF7C}.Release|x64.ActiveCfg = Release|x64
		{F7A50E54-592F-341A-8D16-55DE5E4FAF7C}.Release|x64.Build.0 = Release|x64
		{C0923180-4FDD-352B-8904-5C13C8B64EE3}.Debug|x64.ActiveCfg = Debug|x64
		{C0923180-4FDD-352B-8904-5C13C8B64EE3}.Debug|x64.Build.0 = Debug|x64
		{C0923180-4FDD-352B-8904-5C13C8B64EE3}.Profile|x64.ActiveCfg = Profile|x64
		{C0923180-4FDD-352B-8904-5C13C8B64EE3}.Profile|x64.Build.0 = Profile|x64
		{C0923180-4FDD-352B-8904-5C13C8B64EE3}.Release|x64.ActiveCfg = Release|x64
		{C0923180-4FDD-352B-8904-5C13C8B64EE3}.Release|x64.Build.0 = Release|x64
		{6FD4F89E-099F-3072-80CD-12B3EF99613B}.Debug|x64.ActiveCfg = Debug|x64
		{6FD4F89E-099F-3072-80CD-12B3EF99613B}.Debug|x64.Build.0 = Debug|x64
		{6FD4F89E-099F-3072-80CD-12B3EF99613B}.Profile|x64.ActiveCfg = Profile|x64
		{6FD4F89E-099F-3072-80CD-12B3EF99613B}.Profile|x64.Build.0 = Profile|x64
		{6FD4F89E-099F-3072-80CD-12B3EF99613B}.Release|x64.ActiveCfg = Release|x64
		{6FD4F89E-099F-3072-80CD-12B3EF99613B}.Release|x64.Build.0 = Release|x64
		{E16A45E5-C04C-33E5-8649-CB9E0AD6FBAB}.Debug|x64.ActiveCfg = Debug|x64
		{E16A45E5-C04C-33E5-8649-CB9E0AD6FBAB}.Debug|x64.Build.0 = Debug|x64
		{E16A45E5-C04C-33E5-8649-CB9E0AD6FBAB}.Profile|x64.ActiveCfg = Profile|x64
		{E16A45E5-C04C-33E5-8649-CB9E0AD6FBAB}.Profile|x64.Build.0 = Profile|x64
		{E16A45E5-C04C-33E5-8649-CB9E0AD6FBAB}.Release|x64.ActiveCfg = Release|x64
		{E16A45E5-C04C-33E5-8649-CB9E0AD6FBAB}.Release|x64.Build.0 = Release|x64
		{0FD84AB1-1E20-3F78-BE20-9B14AE09B88E}.Debug|x64.ActiveCfg = Debug|x64
		{0FD84AB1-1E20-3F78-BE20-9B14AE09B88E}.Debug|x64.Build.0 = Debug|x64
		{0FD84AB1-1E20-3F78-BE20-9B14AE09B88E}.Profile|x64.ActiveCfg = Profile|x64
		{0FD84AB1-1E20-3F78-BE20-9B14AE09B88E}.Profile|x64.Build.0 = Profile|x64
		{0FD84AB1-1E20-3F78-BE20-9B14AE09B88E}.Release|x64.ActiveCfg = Release|x64
		{0FD84AB1-1E20-3F78-BE20-9B14AE09B88E}.Release|x64.Build.0 = Release|x64
		{F5F352F8-C07C-319F-9F12-0A3F06A402C8}.Debug|x64.ActiveCfg = Debug|x64
		{F5F352F8-C07C-319F-9F12-0A3F06A402C8}.Profile|x64.ActiveCfg = Profile|x64
		{F5F352F8-C07C-319F-9F12-0A3F06A402C8}.Release|x64.ActiveCfg = Release|x64
		{DD575BB4-AE95-3D7F-82E7-8FC10CB3D00B}.Debug|x64.ActiveCfg = Debug|x64
		{DD575BB4-AE95-3D7F-82E7-8FC10CB3D00B}.Debug|x64.Build.0 = Debug|x64
		{DD575BB4-AE95-3D7F-82E7-8FC10CB3D00B}.Profile|x64.ActiveCfg = Profile|x64
		{DD575BB4-AE95-3D7F-82E7-8FC10CB3D00B}.Profile|x64.Build.0 = Profile|x64
		{DD575BB4-AE95-3D7F-82E7-8FC10CB3D00B}.Release|x64.ActiveCfg = Release|x64
		{DD575BB4-AE95-3D7F-82E7-8FC10CB3D00B}.Release|x64.Build.0 = Release|x64
	EndGlobalSection
	GlobalSection(NestedProjects) = preSolution
		{C0923180-4FDD-352B-8904-5C13C8B64EE3} = {F6A81063-8B7C-3BD7-8BC9-4AC44C899A25}
		{F5F352F8-C07C-319F-9F12-0A3F06A402C8} = {F6A81063-8B7C-3BD7-8BC9-4AC44C899A25}
		{DD575BB4-AE95-3D7F-82E7-8FC10CB3D00B} = {F6A81063-8B7C-3BD7-8BC9-4AC44C899A25}
		{E16A45E5-C04C-33E5-8649-CB9E0AD6FBAB} = {EAA353F5-91FF-3C1A-B8EF-C8CC09F41E24}
	EndGlobalSection
	GlobalSection(ExtensibilityGlobals) = postSolution
		SolutionGuid = {5F034254-8708-3B2F-B8C0-1BCCD308630C}
	EndGlobalSection
	GlobalSection(ExtensibilityAddIns) = postSolution
	EndGlobalSection
EndGlobal
